schema: '2.0'
stages:
  prepare:
    cmd: python src/prepare.py
    deps:
    - path: src/prepare.py
      hash: md5
      md5: bf4b8867f411ff0bd38bf0046b1423ca
      size: 1030
    outs:
    - path: data/processed
      hash: md5
      md5: ceaf974fa3e59534e76b0c7860994463.dir
      size: 220083362
      nfiles: 2
  train:
    cmd: python src/train.py
    deps:
    - path: data/processed
      hash: md5
      md5: ceaf974fa3e59534e76b0c7860994463.dir
      size: 220083362
      nfiles: 2
    - path: src/train.py
      hash: md5
      md5: be73c952a70629d955958125a4a30e57
      size: 5567
    params:
      params.yaml:
        activation: relu
        batch_size: 64
        epochs: 2
        init: default
        lr: 0.001
        momentum: 0.9
        optimizer: sgd_momentum
    outs:
    - path: metrics.json
      hash: md5
      md5: 5400d1ded78291819fa090cc18ec7459
      size: 194
    - path: model.pt
      hash: md5
      md5: f5833913852e0e165543b9dcddee85aa
      size: 56777
  predict:
    cmd: python src/predict.py
    deps:
    - path: data/processed
      hash: md5
      md5: ceaf974fa3e59534e76b0c7860994463.dir
      size: 220083362
      nfiles: 2
    - path: model.pt
      hash: md5
      md5: f5833913852e0e165543b9dcddee85aa
      size: 56777
    - path: src/predict.py
      hash: md5
      md5: 6885977a8368dd6e2c3a3a2324a6672a
      size: 1339
    outs:
    - path: predictions.json
      hash: md5
      md5: e440cf51a80914345e0663905236ae7e
      size: 823
